
Microsoft Visual Studio Solution File, Format Version 12.00
# Visual Studio Version 16
VisualStudioVersion = 16.0.29920.165
MinimumVisualStudioVersion = 10.0.40219.1
Project("{9A19103F-16F7-4668-BE54-9A1E7A4F7556}") = "ACM.BL", "ACM.BL\ACM.BL.csproj", "{347F36E5-FAB1-4DF9-804D-96CB73A482E3}"
EndProject
Project("{2150E333-8FDC-42A3-9474-1A3956D46DE8}") = "Tests", "Tests", "{A6B5D429-CD49-4840-B56A-0F634A21E720}"
EndProject
Project("{FAE04EC0-301F-11D3-BF4B-00C04F79EFBC}") = "ACM.BLTest", "Tests\ACM.BLTest\ACM.BLTest.csproj", "{6C6B92F7-F9D2-4FF9-9B0F-7956F9529A62}"
EndProject
Project("{FAE04EC0-301F-11D3-BF4B-00C04F79EFBC}") = "Acme.Common", "Acme.Common\Acme.Common.csproj", "{A4CFA988-7A9F-46BF-9F94-E7215920A3E0}"
EndProject
Project("{FAE04EC0-301F-11D3-BF4B-00C04F79EFBC}") = "Acme.CommonTest", "Tests\Acme.CommonTest\Acme.CommonTest.csproj", "{600B8BB6-5464-4456-B24D-1813F1038665}"
EndProject
Global
	GlobalSection(SolutionConfigurationPlatforms) = preSolution
		Debug|Any CPU = Debug|Any CPU
		Release|Any CPU = Release|Any CPU
	EndGlobalSection
	GlobalSection(ProjectConfigurationPlatforms) = postSolution
		{347F36E5-FAB1-4DF9-804D-96CB73A482E3}.Debug|Any CPU.ActiveCfg = Debug|Any CPU
		{347F36E5-FAB1-4DF9-804D-96CB73A482E3}.Debug|Any CPU.Build.0 = Debug|Any CPU
		{347F36E5-FAB1-4DF9-804D-96CB73A482E3}.Release|Any CPU.ActiveCfg = Release|Any CPU
		{347F36E5-FAB1-4DF9-804D-96CB73A482E3}.Release|Any CPU.Build.0 = Release|Any CPU
		{6C6B92F7-F9D2-4FF9-9B0F-7956F9529A62}.Debug|Any CPU.ActiveCfg = Debug|Any CPU
		{6C6B92F7-F9D2-4FF9-9B0F-7956F9529A62}.Debug|Any CPU.Build.0 = Debug|Any CPU
		{6C6B92F7-F9D2-4FF9-9B0F-7956F9529A62}.Release|Any CPU.ActiveCfg = Release|Any CPU
		{6C6B92F7-F9D2-4FF9-9B0F-7956F9529A62}.Release|Any CPU.Build.0 = Release|Any CPU
		{A4CFA988-7A9F-46BF-9F94-E7215920A3E0}.Debug|Any CPU.ActiveCfg = Debug|Any CPU
		{A4CFA988-7A9F-46BF-9F94-E7215920A3E0}.Debug|Any CPU.Build.0 = Debug|Any CPU
		{A4CFA988-7A9F-46BF-9F94-E7215920A3E0}.Release|Any CPU.ActiveCfg = Release|Any CPU
		{A4CFA988-7A9F-46BF-9F94-E7215920A3E0}.Release|Any CPU.Build.0 = Release|Any CPU
		{600B8BB6-5464-4456-B24D-1813F1038665}.Debug|Any CPU.ActiveCfg = Debug|Any CPU
		{600B8BB6-5464-4456-B24D-1813F1038665}.Debug|Any CPU.Build.0 = Debug|Any CPU
		{600B8BB6-5464-4456-B24D-1813F1038665}.Release|Any CPU.ActiveCfg = Release|Any CPU
		{600B8BB6-5464-4456-B24D-1813F1038665}.Release|Any CPU.Build.0 = Release|Any CPU
	EndGlobalSection
	GlobalSection(SolutionProperties) = preSolution
		HideSolutionNode = FALSE
	EndGlobalSection
	GlobalSection(NestedProjects) = preSolution
		{6C6B92F7-F9D2-4FF9-9B0F-7956F9529A62} = {A6B5D429-CD49-4840-B56A-0F634A21E720}
		{600B8BB6-5464-4456-B24D-1813F1038665} = {A6B5D429-CD49-4840-B56A-0F634A21E720}
	EndGlobalSection
	GlobalSection(ExtensibilityGlobals) = postSolution
		SolutionGuid = {0AF73323-EA08-48CD-932C-E8F4590EE323}
	EndGlobalSection
EndGlobal
